
Microsoft Visual Studio Solution File, Format Version 12.00
# Visual Studio Version 17
VisualStudioVersion = 17.11.35327.3
MinimumVisualStudioVersion = 10.0.40219.1
Project("{FAE04EC0-301F-11D3-BF4B-00C04F79EFBC}") = "BookStore_POS", "BookStore_POS\BookStore_POS.csproj", "{6B6CD377-2389-463D-B185-FB58C291B7E9}"
EndProject
Global
	GlobalSection(SolutionConfigurationPlatforms) = preSolution
		Debug|Any CPU = Debug|Any CPU
		Release|Any CPU = Release|Any CPU
	EndGlobalSection
	GlobalSection(ProjectConfigurationPlatforms) = postSolution
		{6B6CD377-2389-463D-B185-FB58C291B7E9}.Debug|Any CPU.ActiveCfg = Debug|Any CPU
		{6B6CD377-2389-463D-B185-FB58C291B7E9}.Debug|Any CPU.Build.0 = Debug|Any CPU
		{6B6CD377-2389-463D-B185-FB58C291B7E9}.Release|Any CPU.ActiveCfg = Release|Any CPU
		{6B6CD377-2389-463D-B185-FB58C291B7E9}.Release|Any CPU.Build.0 = Release|Any CPU
	EndGlobalSection
	GlobalSection(SolutionProperties) = preSolution
		HideSolutionNode = FALSE
	EndGlobalSection
	GlobalSection(ExtensibilityGlobals) = postSolution
		SolutionGuid = {32418216-30A6-47C3-8CC0-CA1F75F65A2F}
	EndGlobalSection
EndGlobal
